
Microsoft Visual Studio Solution File, Format Version 12.00
# Visual Studio Version 17
VisualStudioVersion = 17.1.32328.378
MinimumVisualStudioVersion = 10.0.40219.1
Project("{9A19103F-16F7-4668-BE54-9A1E7A4F7556}") = "BlazingPizza", "BlazingPizza.csproj", "{C784C2F2-206E-4565-9A8C-46CC0BC482C1}"
EndProject
Global
	GlobalSection(SolutionConfigurationPlatforms) = preSolution
		Debug|Any CPU = Debug|Any CPU
		Release|Any CPU = Release|Any CPU
	EndGlobalSection
	GlobalSection(ProjectConfigurationPlatforms) = postSolution
		{C784C2F2-206E-4565-9A8C-46CC0BC482C1}.Debug|Any CPU.ActiveCfg = Debug|Any CPU
		{C784C2F2-206E-4565-9A8C-46CC0BC482C1}.Debug|Any CPU.Build.0 = Debug|Any CPU
		{C784C2F2-206E-4565-9A8C-46CC0BC482C1}.Release|Any CPU.ActiveCfg = Release|Any CPU
		{C784C2F2-206E-4565-9A8C-46CC0BC482C1}.Release|Any CPU.Build.0 = Release|Any CPU
	EndGlobalSection
	GlobalSection(SolutionProperties) = preSolution
		HideSolutionNode = FALSE
	EndGlobalSection
	GlobalSection(ExtensibilityGlobals) = postSolution
		SolutionGuid = {53D969DC-322E-48AD-AF54-9E08476CB265}
	EndGlobalSection
EndGlobal
